
Microsoft Visual Studio Solution File, Format Version 12.00
# Visual Studio Version 16
VisualStudioVersion = 16.0.29926.136
MinimumVisualStudioVersion = 15.0.26124.0
Project("{2150E333-8FDC-42A3-9474-1A3956D46DE8}") = "Solution Items", "Solution Items", "{DCB66727-A5EE-42FB-8D51-FF03D61B8676}"
	ProjectSection(SolutionItems) = preProject
		.editorconfig = .editorconfig
	EndProjectSection
EndProject
Project("{9A19103F-16F7-4668-BE54-9A1E7A4F7556}") = "IMMRequest.WebApi", "IMMRequest.WebApi\IMMRequest.WebApi.csproj", "{A6F97BF1-F3E3-4F14-AFF0-AA4E2B31A203}"
EndProject
Project("{9A19103F-16F7-4668-BE54-9A1E7A4F7556}") = "IMMRequest.DataAccess.Tests", "IMMRequest.DataAccess.Tests\IMMRequest.DataAccess.Tests.csproj", "{8F00C2EF-7B57-4C95-A954-74A08A13A0BC}"
EndProject
Project("{9A19103F-16F7-4668-BE54-9A1E7A4F7556}") = "IMMRequest.Domain", "IMMRequest.Domain\IMMRequest.Domain.csproj", "{15B47A01-32CF-460E-9F21-3DE9300CA245}"
EndProject
Project("{9A19103F-16F7-4668-BE54-9A1E7A4F7556}") = "IMMRequest.Domain.Exceptions", "IMMRequest.Domain.Exceptions\IMMRequest.Domain.Exceptions.csproj", "{ABE0452A-4459-4891-B554-7CDD20DF2909}"
EndProject
Project("{9A19103F-16F7-4668-BE54-9A1E7A4F7556}") = "IMMRequest.Domain.Tests", "IMMRequest.Domain.Tests\IMMRequest.Domain.Tests.csproj", "{B4C0F755-EEA2-4019-B04F-7E0118DF7C28}"
EndProject
Project("{FAE04EC0-301F-11D3-BF4B-00C04F79EFBC}") = "IMMRequest.Logic", "IMMRequest.Logic.Interfaces\IMMRequest.Logic.csproj", "{A202530A-D197-454C-8895-6F377F575202}"
EndProject
Project("{FAE04EC0-301F-11D3-BF4B-00C04F79EFBC}") = "IMMRequest.Logic.Core", "IMMRequest.Logic.Core\IMMRequest.Logic.Core.csproj", "{BBFAD9F7-A522-46C4-8BD6-66D06690B089}"
EndProject
Project("{FAE04EC0-301F-11D3-BF4B-00C04F79EFBC}") = "IMMRequest.Logic.Tests", "IMMRequest.Logic.Tests\IMMRequest.Logic.Tests.csproj", "{B4E48AC3-107A-4AFB-B154-34069CE0AD1F}"
EndProject
Project("{FAE04EC0-301F-11D3-BF4B-00C04F79EFBC}") = "IMMRequest.DataAccess", "IMMRequest.DataAccess\IMMRequest.DataAccess.csproj", "{C082B926-DD4F-4E77-86C4-AC404B0AE519}"
EndProject
Project("{9A19103F-16F7-4668-BE54-9A1E7A4F7556}") = "IMMRequest.DataAccess.Core", "IMMRequest.DataAccess.Core\IMMRequest.DataAccess.Core.csproj", "{36633032-F047-4CEC-AABF-99D86A0D481D}"
EndProject
Global
	GlobalSection(SolutionConfigurationPlatforms) = preSolution
		Debug|Any CPU = Debug|Any CPU
		Debug|x64 = Debug|x64
		Debug|x86 = Debug|x86
		Release|Any CPU = Release|Any CPU
		Release|x64 = Release|x64
		Release|x86 = Release|x86
	EndGlobalSection
	GlobalSection(ProjectConfigurationPlatforms) = postSolution
		{A6F97BF1-F3E3-4F14-AFF0-AA4E2B31A203}.Debug|Any CPU.ActiveCfg = Debug|Any CPU
		{A6F97BF1-F3E3-4F14-AFF0-AA4E2B31A203}.Debug|Any CPU.Build.0 = Debug|Any CPU
		{A6F97BF1-F3E3-4F14-AFF0-AA4E2B31A203}.Debug|x64.ActiveCfg = Debug|Any CPU
		{A6F97BF1-F3E3-4F14-AFF0-AA4E2B31A203}.Debug|x64.Build.0 = Debug|Any CPU
		{A6F97BF1-F3E3-4F14-AFF0-AA4E2B31A203}.Debug|x86.ActiveCfg = Debug|Any CPU
		{A6F97BF1-F3E3-4F14-AFF0-AA4E2B31A203}.Debug|x86.Build.0 = Debug|Any CPU
		{A6F97BF1-F3E3-4F14-AFF0-AA4E2B31A203}.Release|Any CPU.ActiveCfg = Release|Any CPU
		{A6F97BF1-F3E3-4F14-AFF0-AA4E2B31A203}.Release|Any CPU.Build.0 = Release|Any CPU
		{A6F97BF1-F3E3-4F14-AFF0-AA4E2B31A203}.Release|x64.ActiveCfg = Release|Any CPU
		{A6F97BF1-F3E3-4F14-AFF0-AA4E2B31A203}.Release|x64.Build.0 = Release|Any CPU
		{A6F97BF1-F3E3-4F14-AFF0-AA4E2B31A203}.Release|x86.ActiveCfg = Release|Any CPU
		{A6F97BF1-F3E3-4F14-AFF0-AA4E2B31A203}.Release|x86.Build.0 = Release|Any CPU
		{8F00C2EF-7B57-4C95-A954-74A08A13A0BC}.Debug|Any CPU.ActiveCfg = Debug|Any CPU
		{8F00C2EF-7B57-4C95-A954-74A08A13A0BC}.Debug|Any CPU.Build.0 = Debug|Any CPU
		{8F00C2EF-7B57-4C95-A954-74A08A13A0BC}.Debug|x64.ActiveCfg = Debug|Any CPU
		{8F00C2EF-7B57-4C95-A954-74A08A13A0BC}.Debug|x64.Build.0 = Debug|Any CPU
		{8F00C2EF-7B57-4C95-A954-74A08A13A0BC}.Debug|x86.ActiveCfg = Debug|Any CPU
		{8F00C2EF-7B57-4C95-A954-74A08A13A0BC}.Debug|x86.Build.0 = Debug|Any CPU
		{8F00C2EF-7B57-4C95-A954-74A08A13A0BC}.Release|Any CPU.ActiveCfg = Release|Any CPU
		{8F00C2EF-7B57-4C95-A954-74A08A13A0BC}.Release|Any CPU.Build.0 = Release|Any CPU
		{8F00C2EF-7B57-4C95-A954-74A08A13A0BC}.Release|x64.ActiveCfg = Release|Any CPU
		{8F00C2EF-7B57-4C95-A954-74A08A13A0BC}.Release|x64.Build.0 = Release|Any CPU
		{8F00C2EF-7B57-4C95-A954-74A08A13A0BC}.Release|x86.ActiveCfg = Release|Any CPU
		{8F00C2EF-7B57-4C95-A954-74A08A13A0BC}.Release|x86.Build.0 = Release|Any CPU
		{15B47A01-32CF-460E-9F21-3DE9300CA245}.Debug|Any CPU.ActiveCfg = Debug|Any CPU
		{15B47A01-32CF-460E-9F21-3DE9300CA245}.Debug|Any CPU.Build.0 = Debug|Any CPU
		{15B47A01-32CF-460E-9F21-3DE9300CA245}.Debug|x64.ActiveCfg = Debug|Any CPU
		{15B47A01-32CF-460E-9F21-3DE9300CA245}.Debug|x64.Build.0 = Debug|Any CPU
		{15B47A01-32CF-460E-9F21-3DE9300CA245}.Debug|x86.ActiveCfg = Debug|Any CPU
		{15B47A01-32CF-460E-9F21-3DE9300CA245}.Debug|x86.Build.0 = Debug|Any CPU
		{15B47A01-32CF-460E-9F21-3DE9300CA245}.Release|Any CPU.ActiveCfg = Release|Any CPU
		{15B47A01-32CF-460E-9F21-3DE9300CA245}.Release|Any CPU.Build.0 = Release|Any CPU
		{15B47A01-32CF-460E-9F21-3DE9300CA245}.Release|x64.ActiveCfg = Release|Any CPU
		{15B47A01-32CF-460E-9F21-3DE9300CA245}.Release|x64.Build.0 = Release|Any CPU
		{15B47A01-32CF-460E-9F21-3DE9300CA245}.Release|x86.ActiveCfg = Release|Any CPU
		{15B47A01-32CF-460E-9F21-3DE9300CA245}.Release|x86.Build.0 = Release|Any CPU
		{ABE0452A-4459-4891-B554-7CDD20DF2909}.Debug|Any CPU.ActiveCfg = Debug|Any CPU
		{ABE0452A-4459-4891-B554-7CDD20DF2909}.Debug|Any CPU.Build.0 = Debug|Any CPU
		{ABE0452A-4459-4891-B554-7CDD20DF2909}.Debug|x64.ActiveCfg = Debug|Any CPU
		{ABE0452A-4459-4891-B554-7CDD20DF2909}.Debug|x64.Build.0 = Debug|Any CPU
		{ABE0452A-4459-4891-B554-7CDD20DF2909}.Debug|x86.ActiveCfg = Debug|Any CPU
		{ABE0452A-4459-4891-B554-7CDD20DF2909}.Debug|x86.Build.0 = Debug|Any CPU
		{ABE0452A-4459-4891-B554-7CDD20DF2909}.Release|Any CPU.ActiveCfg = Release|Any CPU
		{ABE0452A-4459-4891-B554-7CDD20DF2909}.Release|Any CPU.Build.0 = Release|Any CPU
		{ABE0452A-4459-4891-B554-7CDD20DF2909}.Release|x64.ActiveCfg = Release|Any CPU
		{ABE0452A-4459-4891-B554-7CDD20DF2909}.Release|x64.Build.0 = Release|Any CPU
		{ABE0452A-4459-4891-B554-7CDD20DF2909}.Release|x86.ActiveCfg = Release|Any CPU
		{ABE0452A-4459-4891-B554-7CDD20DF2909}.Release|x86.Build.0 = Release|Any CPU
		{B4C0F755-EEA2-4019-B04F-7E0118DF7C28}.Debug|Any CPU.ActiveCfg = Debug|Any CPU
		{B4C0F755-EEA2-4019-B04F-7E0118DF7C28}.Debug|Any CPU.Build.0 = Debug|Any CPU
		{B4C0F755-EEA2-4019-B04F-7E0118DF7C28}.Debug|x64.ActiveCfg = Debug|Any CPU
		{B4C0F755-EEA2-4019-B04F-7E0118DF7C28}.Debug|x64.Build.0 = Debug|Any CPU
		{B4C0F755-EEA2-4019-B04F-7E0118DF7C28}.Debug|x86.ActiveCfg = Debug|Any CPU
		{B4C0F755-EEA2-4019-B04F-7E0118DF7C28}.Debug|x86.Build.0 = Debug|Any CPU
		{B4C0F755-EEA2-4019-B04F-7E0118DF7C28}.Release|Any CPU.ActiveCfg = Release|Any CPU
		{B4C0F755-EEA2-4019-B04F-7E0118DF7C28}.Release|Any CPU.Build.0 = Release|Any CPU
		{B4C0F755-EEA2-4019-B04F-7E0118DF7C28}.Release|x64.ActiveCfg = Release|Any CPU
		{B4C0F755-EEA2-4019-B04F-7E0118DF7C28}.Release|x64.Build.0 = Release|Any CPU
		{B4C0F755-EEA2-4019-B04F-7E0118DF7C28}.Release|x86.ActiveCfg = Release|Any CPU
		{B4C0F755-EEA2-4019-B04F-7E0118DF7C28}.Release|x86.Build.0 = Release|Any CPU
		{A202530A-D197-454C-8895-6F377F575202}.Debug|Any CPU.ActiveCfg = Debug|Any CPU
		{A202530A-D197-454C-8895-6F377F575202}.Debug|Any CPU.Build.0 = Debug|Any CPU
		{A202530A-D197-454C-8895-6F377F575202}.Debug|x64.ActiveCfg = Debug|Any CPU
		{A202530A-D197-454C-8895-6F377F575202}.Debug|x64.Build.0 = Debug|Any CPU
		{A202530A-D197-454C-8895-6F377F575202}.Debug|x86.ActiveCfg = Debug|Any CPU
		{A202530A-D197-454C-8895-6F377F575202}.Debug|x86.Build.0 = Debug|Any CPU
		{A202530A-D197-454C-8895-6F377F575202}.Release|Any CPU.ActiveCfg = Release|Any CPU
		{A202530A-D197-454C-8895-6F377F575202}.Release|Any CPU.Build.0 = Release|Any CPU
		{A202530A-D197-454C-8895-6F377F575202}.Release|x64.ActiveCfg = Release|Any CPU
		{A202530A-D197-454C-8895-6F377F575202}.Release|x64.Build.0 = Release|Any CPU
		{A202530A-D197-454C-8895-6F377F575202}.Release|x86.ActiveCfg = Release|Any CPU
		{A202530A-D197-454C-8895-6F377F575202}.Release|x86.Build.0 = Release|Any CPU
		{BBFAD9F7-A522-46C4-8BD6-66D06690B089}.Debug|Any CPU.ActiveCfg = Debug|Any CPU
		{BBFAD9F7-A522-46C4-8BD6-66D06690B089}.Debug|Any CPU.Build.0 = Debug|Any CPU
		{BBFAD9F7-A522-46C4-8BD6-66D06690B089}.Debug|x64.ActiveCfg = Debug|Any CPU
		{BBFAD9F7-A522-46C4-8BD6-66D06690B089}.Debug|x64.Build.0 = Debug|Any CPU
		{BBFAD9F7-A522-46C4-8BD6-66D06690B089}.Debug|x86.ActiveCfg = Debug|Any CPU
		{BBFAD9F7-A522-46C4-8BD6-66D06690B089}.Debug|x86.Build.0 = Debug|Any CPU
		{BBFAD9F7-A522-46C4-8BD6-66D06690B089}.Release|Any CPU.ActiveCfg = Release|Any CPU
		{BBFAD9F7-A522-46C4-8BD6-66D06690B089}.Release|Any CPU.Build.0 = Release|Any CPU
		{BBFAD9F7-A522-46C4-8BD6-66D06690B089}.Release|x64.ActiveCfg = Release|Any CPU
		{BBFAD9F7-A522-46C4-8BD6-66D06690B089}.Release|x64.Build.0 = Release|Any CPU
		{BBFAD9F7-A522-46C4-8BD6-66D06690B089}.Release|x86.ActiveCfg = Release|Any CPU
		{BBFAD9F7-A522-46C4-8BD6-66D06690B089}.Release|x86.Build.0 = Release|Any CPU
		{B4E48AC3-107A-4AFB-B154-34069CE0AD1F}.Debug|Any CPU.ActiveCfg = Debug|Any CPU
		{B4E48AC3-107A-4AFB-B154-34069CE0AD1F}.Debug|Any CPU.Build.0 = Debug|Any CPU
		{B4E48AC3-107A-4AFB-B154-34069CE0AD1F}.Debug|x64.ActiveCfg = Debug|Any CPU
		{B4E48AC3-107A-4AFB-B154-34069CE0AD1F}.Debug|x64.Build.0 = Debug|Any CPU
		{B4E48AC3-107A-4AFB-B154-34069CE0AD1F}.Debug|x86.ActiveCfg = Debug|Any CPU
		{B4E48AC3-107A-4AFB-B154-34069CE0AD1F}.Debug|x86.Build.0 = Debug|Any CPU
		{B4E48AC3-107A-4AFB-B154-34069CE0AD1F}.Release|Any CPU.ActiveCfg = Release|Any CPU
		{B4E48AC3-107A-4AFB-B154-34069CE0AD1F}.Release|Any CPU.Build.0 = Release|Any CPU
		{B4E48AC3-107A-4AFB-B154-34069CE0AD1F}.Release|x64.ActiveCfg = Release|Any CPU
		{B4E48AC3-107A-4AFB-B154-34069CE0AD1F}.Release|x64.Build.0 = Release|Any CPU
		{B4E48AC3-107A-4AFB-B154-34069CE0AD1F}.Release|x86.ActiveCfg = Release|Any CPU
		{B4E48AC3-107A-4AFB-B154-34069CE0AD1F}.Release|x86.Build.0 = Release|Any CPU
		{C082B926-DD4F-4E77-86C4-AC404B0AE519}.Debug|Any CPU.ActiveCfg = Debug|Any CPU
		{C082B926-DD4F-4E77-86C4-AC404B0AE519}.Debug|Any CPU.Build.0 = Debug|Any CPU
		{C082B926-DD4F-4E77-86C4-AC404B0AE519}.Debug|x64.ActiveCfg = Debug|Any CPU
		{C082B926-DD4F-4E77-86C4-AC404B0AE519}.Debug|x64.Build.0 = Debug|Any CPU
		{C082B926-DD4F-4E77-86C4-AC404B0AE519}.Debug|x86.ActiveCfg = Debug|Any CPU
		{C082B926-DD4F-4E77-86C4-AC404B0AE519}.Debug|x86.Build.0 = Debug|Any CPU
		{C082B926-DD4F-4E77-86C4-AC404B0AE519}.Release|Any CPU.ActiveCfg = Release|Any CPU
		{C082B926-DD4F-4E77-86C4-AC404B0AE519}.Release|Any CPU.Build.0 = Release|Any CPU
		{C082B926-DD4F-4E77-86C4-AC404B0AE519}.Release|x64.ActiveCfg = Release|Any CPU
		{C082B926-DD4F-4E77-86C4-AC404B0AE519}.Release|x64.Build.0 = Release|Any CPU
		{C082B926-DD4F-4E77-86C4-AC404B0AE519}.Release|x86.ActiveCfg = Release|Any CPU
		{C082B926-DD4F-4E77-86C4-AC404B0AE519}.Release|x86.Build.0 = Release|Any CPU
		{36633032-F047-4CEC-AABF-99D86A0D481D}.Debug|Any CPU.ActiveCfg = Debug|Any CPU
		{36633032-F047-4CEC-AABF-99D86A0D481D}.Debug|Any CPU.Build.0 = Debug|Any CPU
		{36633032-F047-4CEC-AABF-99D86A0D481D}.Debug|x64.ActiveCfg = Debug|Any CPU
		{36633032-F047-4CEC-AABF-99D86A0D481D}.Debug|x64.Build.0 = Debug|Any CPU
		{36633032-F047-4CEC-AABF-99D86A0D481D}.Debug|x86.ActiveCfg = Debug|Any CPU
		{36633032-F047-4CEC-AABF-99D86A0D481D}.Debug|x86.Build.0 = Debug|Any CPU
		{36633032-F047-4CEC-AABF-99D86A0D481D}.Release|Any CPU.ActiveCfg = Release|Any CPU
		{36633032-F047-4CEC-AABF-99D86A0D481D}.Release|Any CPU.Build.0 = Release|Any CPU
		{36633032-F047-4CEC-AABF-99D86A0D481D}.Release|x64.ActiveCfg = Release|Any CPU
		{36633032-F047-4CEC-AABF-99D86A0D481D}.Release|x64.Build.0 = Release|Any CPU
		{36633032-F047-4CEC-AABF-99D86A0D481D}.Release|x86.ActiveCfg = Release|Any CPU
		{36633032-F047-4CEC-AABF-99D86A0D481D}.Release|x86.Build.0 = Release|Any CPU
	EndGlobalSection
	GlobalSection(SolutionProperties) = preSolution
		HideSolutionNode = FALSE
	EndGlobalSection
	GlobalSection(ExtensibilityGlobals) = postSolution
		SolutionGuid = {990FF567-3576-4AE1-94DF-E63D4937D694}
	EndGlobalSection
EndGlobal
